{
  "name": "kubeplayground",
  "version": "1.0.0",
  "lockfileVersion": 1,
  "requires": true,
  "dependencies": {
    "stoppable": {
      "version": "1.0.5",
      "resolved": "https://registry.npmjs.org/stoppable/-/stoppable-1.0.5.tgz",
      "integrity": "sha512-qIu1V3hO/d0oS6ARFnsd+B8TvyP4LFjX1v3oFDL4xp3Zen/J7uY9h0WR+ptGzymOPJkk/31ZuHPW4Ml85i0LLw=="
    }
  }
}
